
Microsoft Visual Studio Solution File, Format Version 12.00
# Visual Studio 15
Project("{8BC9CEB8-8B4A-11D0-8D11-00A0C91BC942}") = "Application", "Application\Application.vcxproj", "{D9DE78AF-4594-F1A4-CE88-EB7B3A3DE8A8}"
EndProject
Project("{8BC9CEB8-8B4A-11D0-8D11-00A0C91BC942}") = "Engine", "Engine\Engine.vcxproj", "{DBC7D3B0-C769-FE86-B024-12DB9C6585D7}"
EndProject
Project("{8BC9CEB8-8B4A-11D0-8D11-00A0C91BC942}") = "ImGui", "Engine\vendor\ImGui\ImGui.vcxproj", "{C0FF640D-2C14-8DBE-F595-301E616989EF}"
EndProject
Global
	GlobalSection(SolutionConfigurationPlatforms) = preSolution
		Debug|x64 = Debug|x64
		Engine-Dist|x64 = Engine-Dist|x64
		Game-Dist|x64 = Game-Dist|x64
		Release|x64 = Release|x64
	EndGlobalSection
	GlobalSection(ProjectConfigurationPlatforms) = postSolution
		{D9DE78AF-4594-F1A4-CE88-EB7B3A3DE8A8}.Debug|x64.ActiveCfg = Debug|x64
		{D9DE78AF-4594-F1A4-CE88-EB7B3A3DE8A8}.Debug|x64.Build.0 = Debug|x64
		{D9DE78AF-4594-F1A4-CE88-EB7B3A3DE8A8}.Engine-Dist|x64.ActiveCfg = Engine-Dist|x64
		{D9DE78AF-4594-F1A4-CE88-EB7B3A3DE8A8}.Engine-Dist|x64.Build.0 = Engine-Dist|x64
		{D9DE78AF-4594-F1A4-CE88-EB7B3A3DE8A8}.Game-Dist|x64.ActiveCfg = Game-Dist|x64
		{D9DE78AF-4594-F1A4-CE88-EB7B3A3DE8A8}.Game-Dist|x64.Build.0 = Game-Dist|x64
		{D9DE78AF-4594-F1A4-CE88-EB7B3A3DE8A8}.Release|x64.ActiveCfg = Release|x64
		{D9DE78AF-4594-F1A4-CE88-EB7B3A3DE8A8}.Release|x64.Build.0 = Release|x64
		{DBC7D3B0-C769-FE86-B024-12DB9C6585D7}.Debug|x64.ActiveCfg = Debug|x64
		{DBC7D3B0-C769-FE86-B024-12DB9C6585D7}.Debug|x64.Build.0 = Debug|x64
		{DBC7D3B0-C769-FE86-B024-12DB9C6585D7}.Engine-Dist|x64.ActiveCfg = Engine-Dist|x64
		{DBC7D3B0-C769-FE86-B024-12DB9C6585D7}.Engine-Dist|x64.Build.0 = Engine-Dist|x64
		{DBC7D3B0-C769-FE86-B024-12DB9C6585D7}.Game-Dist|x64.ActiveCfg = Game-Dist|x64
		{DBC7D3B0-C769-FE86-B024-12DB9C6585D7}.Game-Dist|x64.Build.0 = Game-Dist|x64
		{DBC7D3B0-C769-FE86-B024-12DB9C6585D7}.Release|x64.ActiveCfg = Release|x64
		{DBC7D3B0-C769-FE86-B024-12DB9C6585D7}.Release|x64.Build.0 = Release|x64
		{C0FF640D-2C14-8DBE-F595-301E616989EF}.Debug|x64.ActiveCfg = Debug|x64
		{C0FF640D-2C14-8DBE-F595-301E616989EF}.Debug|x64.Build.0 = Debug|x64
		{C0FF640D-2C14-8DBE-F595-301E616989EF}.Engine-Dist|x64.ActiveCfg = Engine-Dist|x64
		{C0FF640D-2C14-8DBE-F595-301E616989EF}.Engine-Dist|x64.Build.0 = Engine-Dist|x64
		{C0FF640D-2C14-8DBE-F595-301E616989EF}.Game-Dist|x64.ActiveCfg = Game-Dist|x64
		{C0FF640D-2C14-8DBE-F595-301E616989EF}.Game-Dist|x64.Build.0 = Game-Dist|x64
		{C0FF640D-2C14-8DBE-F595-301E616989EF}.Release|x64.ActiveCfg = Release|x64
		{C0FF640D-2C14-8DBE-F595-301E616989EF}.Release|x64.Build.0 = Release|x64
	EndGlobalSection
	GlobalSection(SolutionProperties) = preSolution
		HideSolutionNode = FALSE
	EndGlobalSection
EndGlobal
