<?xml version="1.0" encoding="utf-8"?>
<Project ToolsVersion="4.0" xmlns="http://schemas.microsoft.com/developer/msbuild/2003">
  <ItemGroup>
    <Filter Include="Insight">
      <UniqueIdentifier>{5BBF0E00-C79E-8D9B-D0B6-18723C15F4FC}</UniqueIdentifier>
    </Filter>
    <Filter Include="Insight\Core">
      <UniqueIdentifier>{93B4DC99-7F17-6C3E-289D-A4F414DF37C1}</UniqueIdentifier>
    </Filter>
    <Filter Include="Insight\Core\Layer">
      <UniqueIdentifier>{9F937D28-8B77-3E7E-F4D7-38D1E0DA2800}</UniqueIdentifier>
    </Filter>
    <Filter Include="Insight\Editor">
      <UniqueIdentifier>{31C8BA87-1D96-AE8D-062A-1FB4F2968AF2}</UniqueIdentifier>
    </Filter>
    <Filter Include="Insight\Events">
      <UniqueIdentifier>{DF36FE88-CB04-F28E-B498-62B5A005CEF3}</UniqueIdentifier>
    </Filter>
    <Filter Include="Insight\Game">
      <UniqueIdentifier>{E4A9DE99-D00C-6E3E-7992-A6F465D439C1}</UniqueIdentifier>
    </Filter>
    <Filter Include="Insight\Input">
      <UniqueIdentifier>{9A47DFD5-0608-5B0C-CF42-A4893BC29FE8}</UniqueIdentifier>
    </Filter>
    <Filter Include="Insight\Math">
      <UniqueIdentifier>{14F5E199-0058-713E-A9DD-A9F4951F3DC1}</UniqueIdentifier>
    </Filter>
    <Filter Include="Insight\Renderer">
      <UniqueIdentifier>{617962B8-4D72-810A-76A4-668F62FC6016}</UniqueIdentifier>
    </Filter>
    <Filter Include="Insight\Utilities">
      <UniqueIdentifier>{8611128C-F227-1022-3B9F-9B43A7F4E0A9}</UniqueIdentifier>
    </Filter>
    <Filter Include="Platform">
      <UniqueIdentifier>{2AC788B4-1694-E3BF-3FAD-D1672BD9184E}</UniqueIdentifier>
    </Filter>
    <Filter Include="Platform\DirectX12">
      <UniqueIdentifier>{6FE5EAC0-5BC9-AB16-C429-A669B02C9698}</UniqueIdentifier>
    </Filter>
    <Filter Include="Platform\ImGui">
      <UniqueIdentifier>{D473D893-C041-CC99-A9D5-3CC09542A8FE}</UniqueIdentifier>
    </Filter>
    <Filter Include="Platform\Windows">
      <UniqueIdentifier>{64FBD71A-50F4-F66C-7926-DCF1657ED678}</UniqueIdentifier>
    </Filter>
    <Filter Include="Platform\Windows\Error">
      <UniqueIdentifier>{9D7D2B7E-8977-54D0-72E4-EAE05E7DBA3C}</UniqueIdentifier>
    </Filter>
  </ItemGroup>
  <ItemGroup>
    <ClInclude Include="src\Insight.h" />
    <ClInclude Include="src\Insight\Core.h">
      <Filter>Insight</Filter>
    </ClInclude>
    <ClInclude Include="src\Insight\Core\Application.h">
      <Filter>Insight\Core</Filter>
    </ClInclude>
    <ClInclude Include="src\Insight\Core\Entry_Point.h">
      <Filter>Insight\Core</Filter>
    </ClInclude>
    <ClInclude Include="src\Insight\Core\Layer\Layer.h">
      <Filter>Insight\Core\Layer</Filter>
    </ClInclude>
    <ClInclude Include="src\Insight\Core\Layer\Layer_Stack.h">
      <Filter>Insight\Core\Layer</Filter>
    </ClInclude>
    <ClInclude Include="src\Insight\Core\Log.h">
      <Filter>Insight\Core</Filter>
    </ClInclude>
    <ClInclude Include="src\Insight\Core\Window.h">
      <Filter>Insight\Core</Filter>
    </ClInclude>
    <ClInclude Include="src\Insight\Editor\ImGui_Layer.h">
      <Filter>Insight\Editor</Filter>
    </ClInclude>
    <ClInclude Include="src\Insight\Events\Application_Event.h">
      <Filter>Insight\Events</Filter>
    </ClInclude>
    <ClInclude Include="src\Insight\Events\Event.h">
      <Filter>Insight\Events</Filter>
    </ClInclude>
    <ClInclude Include="src\Insight\Events\Key_Event.h">
      <Filter>Insight\Events</Filter>
    </ClInclude>
    <ClInclude Include="src\Insight\Events\Mouse_Event.h">
      <Filter>Insight\Events</Filter>
    </ClInclude>
    <ClInclude Include="src\Insight\Game\Camera.h">
      <Filter>Insight\Game</Filter>
    </ClInclude>
    <ClInclude Include="src\Insight\Game\Player.h">
      <Filter>Insight\Game</Filter>
    </ClInclude>
    <ClInclude Include="src\Insight\Input\Input.h">
      <Filter>Insight\Input</Filter>
    </ClInclude>
    <ClInclude Include="src\Insight\Input\InputBuffer.h">
      <Filter>Insight\Input</Filter>
    </ClInclude>
    <ClInclude Include="src\Insight\Input\Keyboard_Buffer.h">
      <Filter>Insight\Input</Filter>
    </ClInclude>
    <ClInclude Include="src\Insight\Input\Mouse_Buffer.h">
      <Filter>Insight\Input</Filter>
    </ClInclude>
    <ClInclude Include="src\Insight\Input\Windows_Input.h">
      <Filter>Insight\Input</Filter>
    </ClInclude>
    <ClInclude Include="src\Insight\Math\Transform.h">
      <Filter>Insight\Math</Filter>
    </ClInclude>
    <ClInclude Include="src\Insight\Math\Vector.h">
      <Filter>Insight\Math</Filter>
    </ClInclude>
    <ClInclude Include="src\Insight\Renderer\RenderingContext.h">
      <Filter>Insight\Renderer</Filter>
    </ClInclude>
    <ClInclude Include="src\Insight\Utilities\String_Helper.h">
      <Filter>Insight\Utilities</Filter>
    </ClInclude>
    <ClInclude Include="src\Platform\DirectX12\ConstantBuffersPerObject_TEMP.h">
      <Filter>Platform\DirectX12</Filter>
    </ClInclude>
    <ClInclude Include="src\Platform\DirectX12\ConstantBuffers_TEMP.h">
      <Filter>Platform\DirectX12</Filter>
    </ClInclude>
    <ClInclude Include="src\Platform\DirectX12\D3D_Api.h">
      <Filter>Platform\DirectX12</Filter>
    </ClInclude>
    <ClInclude Include="src\Platform\DirectX12\Direct3D12_Context.h">
      <Filter>Platform\DirectX12</Filter>
    </ClInclude>
    <ClInclude Include="src\Platform\ImGui\ImGui_DX12_Renderer.h">
      <Filter>Platform\ImGui</Filter>
    </ClInclude>
    <ClInclude Include="src\Platform\ImGui\imgui_impl_win32.h">
      <Filter>Platform\ImGui</Filter>
    </ClInclude>
    <ClInclude Include="src\Platform\Windows\Console_Window.h">
      <Filter>Platform\Windows</Filter>
    </ClInclude>
    <ClInclude Include="src\Platform\Windows\Error\COM_Exception.h">
      <Filter>Platform\Windows\Error</Filter>
    </ClInclude>
    <ClInclude Include="src\Platform\Windows\Windows_Window.h">
      <Filter>Platform\Windows</Filter>
    </ClInclude>
    <ClInclude Include="src\ie_pch.h" />
  </ItemGroup>
  <ItemGroup>
    <ClCompile Include="src\Insight\Core\Application.cpp">
      <Filter>Insight\Core</Filter>
    </ClCompile>
    <ClCompile Include="src\Insight\Core\EntryPoint.cpp">
      <Filter>Insight\Core</Filter>
    </ClCompile>
    <ClCompile Include="src\Insight\Core\Layer\Layer.cpp">
      <Filter>Insight\Core\Layer</Filter>
    </ClCompile>
    <ClCompile Include="src\Insight\Core\Layer\Layer_Stack.cpp">
      <Filter>Insight\Core\Layer</Filter>
    </ClCompile>
    <ClCompile Include="src\Insight\Core\Log.cpp">
      <Filter>Insight\Core</Filter>
    </ClCompile>
    <ClCompile Include="src\Insight\Editor\ImGui_Layer.cpp">
      <Filter>Insight\Editor</Filter>
    </ClCompile>
    <ClCompile Include="src\Insight\Game\Camera.cpp">
      <Filter>Insight\Game</Filter>
    </ClCompile>
    <ClCompile Include="src\Insight\Game\Player.cpp">
      <Filter>Insight\Game</Filter>
    </ClCompile>
    <ClCompile Include="src\Insight\Input\Keyboard_Buffer.cpp">
      <Filter>Insight\Input</Filter>
    </ClCompile>
    <ClCompile Include="src\Insight\Input\Mouse_Buffer.cpp">
      <Filter>Insight\Input</Filter>
    </ClCompile>
    <ClCompile Include="src\Insight\Input\Windows_Input.cpp">
      <Filter>Insight\Input</Filter>
    </ClCompile>
    <ClCompile Include="src\Insight\Utilities\String_Helper.cpp">
      <Filter>Insight\Utilities</Filter>
    </ClCompile>
    <ClCompile Include="src\Platform\DirectX12\D3D_Api.cpp">
      <Filter>Platform\DirectX12</Filter>
    </ClCompile>
    <ClCompile Include="src\Platform\DirectX12\Direct3D12_Context.cpp">
      <Filter>Platform\DirectX12</Filter>
    </ClCompile>
    <ClCompile Include="src\Platform\ImGui\ImGui_DX12_Renderer.cpp">
      <Filter>Platform\ImGui</Filter>
    </ClCompile>
    <ClCompile Include="src\Platform\ImGui\imgui_impl_win32.cpp">
      <Filter>Platform\ImGui</Filter>
    </ClCompile>
    <ClCompile Include="src\Platform\Windows\Console_Window.cpp">
      <Filter>Platform\Windows</Filter>
    </ClCompile>
    <ClCompile Include="src\Platform\Windows\Windows_Window.cpp">
      <Filter>Platform\Windows</Filter>
    </ClCompile>
    <ClCompile Include="src\ie_pch.cpp" />
  </ItemGroup>
</Project>