<?xml version="1.0" encoding="utf-8"?>
<Project ToolsVersion="4.0" xmlns="http://schemas.microsoft.com/developer/msbuild/2003">
  <ItemGroup>
    <FxCompile Include="pixelshader.hlsl">
      <Filter>Resource Files</Filter>
    </FxCompile>
    <FxCompile Include="pixelshader_2d.hlsl">
      <Filter>Resource Files</Filter>
    </FxCompile>
    <FxCompile Include="vertexshader.hlsl">
      <Filter>Resource Files</Filter>
    </FxCompile>
    <FxCompile Include="vertexshader_2d.hlsl">
      <Filter>Resource Files</Filter>
    </FxCompile>
    <FxCompile Include="PBR_pixelshader.hlsl">
      <Filter>Resource Files</Filter>
    </FxCompile>
    <FxCompile Include="PBR_vertexshader.hlsl">
      <Filter>Resource Files</Filter>
    </FxCompile>
    <FxCompile Include="PBRVertexShader.hlsl">
      <Filter>Resource Files</Filter>
    </FxCompile>
    <FxCompile Include="PBRPixelShader.hlsl">
      <Filter>Resource Files</Filter>
    </FxCompile>
    <FxCompile Include="PBRMatPixelShader.hlsl">
      <Filter>Resource Files</Filter>
    </FxCompile>
    <FxCompile Include="ConvolutionPixelShader.hlsl">
      <Filter>Resource Files</Filter>
    </FxCompile>
    <FxCompile Include="PrefilterMapPixelShader.hlsl">
      <Filter>Resource Files</Filter>
    </FxCompile>
    <FxCompile Include="IntegrateBRDFPixelShader.hlsl">
      <Filter>Resource Files</Filter>
    </FxCompile>
    <FxCompile Include="pixelshader_sky.hlsl">
      <Filter>Resource Files</Filter>
    </FxCompile>
    <FxCompile Include="vertexshader_sky.hlsl">
      <Filter>Resource Files</Filter>
    </FxCompile>
  </ItemGroup>
  <ItemGroup>
    <ClCompile Include="Engine.cpp">
      <Filter>Source Files</Filter>
    </ClCompile>
    <ClCompile Include="ErrorLogger.cpp">
      <Filter>Source Files</Filter>
    </ClCompile>
    <ClCompile Include="RenderWindow.cpp">
      <Filter>Source Files</Filter>
    </ClCompile>
    <ClCompile Include="Source.cpp">
      <Filter>Source Files</Filter>
    </ClCompile>
    <ClCompile Include="StringHelper.cpp">
      <Filter>Source Files</Filter>
    </ClCompile>
    <ClCompile Include="WindowContainer.cpp">
      <Filter>Source Files</Filter>
    </ClCompile>
    <ClCompile Include="Components\Component.cpp">
      <Filter>Source Files\Components</Filter>
    </ClCompile>
    <ClCompile Include="Math\Transform.cpp">
      <Filter>Source Files\Math</Filter>
    </ClCompile>
    <ClCompile Include="Objects\ID.cpp">
      <Filter>Source Files\Objects</Filter>
    </ClCompile>
    <ClCompile Include="Objects\Entity.cpp">
      <Filter>Source Files\Objects</Filter>
    </ClCompile>
    <ClCompile Include="Objects\Scene.cpp">
      <Filter>Source Files\Objects</Filter>
    </ClCompile>
    <ClCompile Include="Objects\Object.cpp">
      <Filter>Source Files\Objects</Filter>
    </ClCompile>
    <ClCompile Include="Includes\dlfcn.c">
      <Filter>Source Files\Scriptor</Filter>
    </ClCompile>
    <ClCompile Include="Scriptor\Compiler.cpp">
      <Filter>Source Files\Scriptor</Filter>
    </ClCompile>
    <ClCompile Include="Systems\Timer.cpp">
      <Filter>Source Files\Systems</Filter>
    </ClCompile>
    <ClCompile Include="Components\MeshRenderComponent.cpp">
      <Filter>Source Files\Components</Filter>
    </ClCompile>
    <ClCompile Include="Editor\Editor.cpp">
      <Filter>Source Files\Editor</Filter>
    </ClCompile>
    <ClCompile Include="Input\Mouse\MouseClass.cpp">
      <Filter>Source Files\Input\Mouse</Filter>
    </ClCompile>
    <ClCompile Include="Input\Mouse\MouseEvent.cpp">
      <Filter>Source Files\Input\Mouse</Filter>
    </ClCompile>
    <ClCompile Include="Input\Keyboard\KeyboardClass.cpp">
      <Filter>Source Files\Input\Keyboard</Filter>
    </ClCompile>
    <ClCompile Include="Input\Keyboard\KeyboardEvent.cpp">
      <Filter>Source Files\Input\Keyboard</Filter>
    </ClCompile>
    <ClCompile Include="Components\EditorSelectionComponent.cpp">
      <Filter>Source Files\Components</Filter>
    </ClCompile>
    <ClCompile Include="Systems\FileSystem.cpp">
      <Filter>Source Files\Systems</Filter>
    </ClCompile>
    <ClCompile Include="Graphics\ImGui\imgui.cpp">
      <Filter>Source Files\Graphics\ImGui</Filter>
    </ClCompile>
    <ClCompile Include="Graphics\ImGui\imgui_demo.cpp">
      <Filter>Source Files\Graphics\ImGui</Filter>
    </ClCompile>
    <ClCompile Include="Graphics\ImGui\imgui_draw.cpp">
      <Filter>Source Files\Graphics\ImGui</Filter>
    </ClCompile>
    <ClCompile Include="Graphics\ImGui\imgui_impl_dx11.cpp">
      <Filter>Source Files\Graphics\ImGui</Filter>
    </ClCompile>
    <ClCompile Include="Graphics\ImGui\imgui_impl_win32.cpp">
      <Filter>Source Files\Graphics\ImGui</Filter>
    </ClCompile>
    <ClCompile Include="Graphics\ImGui\imgui_widgets.cpp">
      <Filter>Source Files\Graphics\ImGui</Filter>
    </ClCompile>
    <ClCompile Include="Graphics\ImGui\ImGuizmo.cpp">
      <Filter>Header Files\Graphics\ImGui</Filter>
    </ClCompile>
    <ClCompile Include="LUAScripting\LuaStateManager.cpp">
      <Filter>Source Files\LUAScripting</Filter>
    </ClCompile>
    <ClCompile Include="Includes\Lua\LuaPlus\lapi.c">
      <Filter>LuaUsings</Filter>
    </ClCompile>
    <ClCompile Include="Includes\Lua\LuaPlus\lauxlib.c">
      <Filter>LuaUsings</Filter>
    </ClCompile>
    <ClCompile Include="Includes\Lua\LuaPlus\lbaselib.c">
      <Filter>LuaUsings</Filter>
    </ClCompile>
    <ClCompile Include="Includes\Lua\LuaPlus\lbitlib.c">
      <Filter>LuaUsings</Filter>
    </ClCompile>
    <ClCompile Include="Includes\Lua\LuaPlus\lcode.c">
      <Filter>LuaUsings</Filter>
    </ClCompile>
    <ClCompile Include="Includes\Lua\LuaPlus\lcorolib.c">
      <Filter>LuaUsings</Filter>
    </ClCompile>
    <ClCompile Include="Includes\Lua\LuaPlus\lctype.c">
      <Filter>LuaUsings</Filter>
    </ClCompile>
    <ClCompile Include="Includes\Lua\LuaPlus\ldblib.c">
      <Filter>LuaUsings</Filter>
    </ClCompile>
    <ClCompile Include="Includes\Lua\LuaPlus\ldebug.c">
      <Filter>LuaUsings</Filter>
    </ClCompile>
    <ClCompile Include="Includes\Lua\LuaPlus\ldo.c">
      <Filter>LuaUsings</Filter>
    </ClCompile>
    <ClCompile Include="Includes\Lua\LuaPlus\ldump.c">
      <Filter>LuaUsings</Filter>
    </ClCompile>
    <ClCompile Include="Includes\Lua\LuaPlus\lfunc.c">
      <Filter>LuaUsings</Filter>
    </ClCompile>
    <ClCompile Include="Includes\Lua\LuaPlus\lgc.c">
      <Filter>LuaUsings</Filter>
    </ClCompile>
    <ClCompile Include="Includes\Lua\LuaPlus\linit.c">
      <Filter>LuaUsings</Filter>
    </ClCompile>
    <ClCompile Include="Includes\Lua\LuaPlus\liolib.c">
      <Filter>LuaUsings</Filter>
    </ClCompile>
    <ClCompile Include="Includes\Lua\LuaPlus\llex.c">
      <Filter>LuaUsings</Filter>
    </ClCompile>
    <ClCompile Include="Includes\Lua\LuaPlus\lmathlib.c">
      <Filter>LuaUsings</Filter>
    </ClCompile>
    <ClCompile Include="Includes\Lua\LuaPlus\lmem.c">
      <Filter>LuaUsings</Filter>
    </ClCompile>
    <ClCompile Include="Includes\Lua\LuaPlus\loadlib.c">
      <Filter>LuaUsings</Filter>
    </ClCompile>
    <ClCompile Include="Includes\Lua\LuaPlus\lobject.c">
      <Filter>LuaUsings</Filter>
    </ClCompile>
    <ClCompile Include="Includes\Lua\LuaPlus\lopcodes.c">
      <Filter>LuaUsings</Filter>
    </ClCompile>
    <ClCompile Include="Includes\Lua\LuaPlus\loslib.c">
      <Filter>LuaUsings</Filter>
    </ClCompile>
    <ClCompile Include="Includes\Lua\LuaPlus\lparser.c">
      <Filter>LuaUsings</Filter>
    </ClCompile>
    <ClCompile Include="Includes\Lua\LuaPlus\lstate.c">
      <Filter>LuaUsings</Filter>
    </ClCompile>
    <ClCompile Include="Includes\Lua\LuaPlus\lstring.c">
      <Filter>LuaUsings</Filter>
    </ClCompile>
    <ClCompile Include="Includes\Lua\LuaPlus\lstrlib.c">
      <Filter>LuaUsings</Filter>
    </ClCompile>
    <ClCompile Include="Includes\Lua\LuaPlus\ltable.c">
      <Filter>LuaUsings</Filter>
    </ClCompile>
    <ClCompile Include="Includes\Lua\LuaPlus\ltablib.c">
      <Filter>LuaUsings</Filter>
    </ClCompile>
    <ClCompile Include="Includes\Lua\LuaPlus\ltm.c">
      <Filter>LuaUsings</Filter>
    </ClCompile>
    <ClCompile Include="Includes\Lua\LuaPlus\lua.c">
      <Filter>LuaUsings</Filter>
    </ClCompile>
    <ClCompile Include="Includes\Lua\LuaPlus\luac.c">
      <Filter>LuaUsings</Filter>
    </ClCompile>
    <ClCompile Include="Includes\Lua\LuaPlus\LuaPlus.cpp">
      <Filter>LuaUsings</Filter>
    </ClCompile>
    <ClCompile Include="Includes\Lua\LuaPlus\LuaPlusAddons.c">
      <Filter>LuaUsings</Filter>
    </ClCompile>
    <ClCompile Include="Includes\Lua\LuaPlus\LuaState_DumpObject.cpp">
      <Filter>LuaUsings</Filter>
    </ClCompile>
    <ClCompile Include="Includes\Lua\LuaPlus\lundump.c">
      <Filter>LuaUsings</Filter>
    </ClCompile>
    <ClCompile Include="Includes\Lua\LuaPlus\lutf8lib.c">
      <Filter>LuaUsings</Filter>
    </ClCompile>
    <ClCompile Include="Includes\Lua\LuaPlus\lvm.c">
      <Filter>LuaUsings</Filter>
    </ClCompile>
    <ClCompile Include="Includes\Lua\LuaPlus\lzio.c">
      <Filter>LuaUsings</Filter>
    </ClCompile>
    <ClCompile Include="LUAScripting\ScriptExports.cpp">
      <Filter>Source Files\LUAScripting</Filter>
    </ClCompile>
    <ClCompile Include="Components\LuaScriptComponent.cpp">
      <Filter>Source Files\Components</Filter>
    </ClCompile>
    <ClCompile Include="Components\CPPScript.cpp">
      <Filter>Source Files\Components</Filter>
    </ClCompile>
    <ClCompile Include="Graphics\Texture.cpp">
      <Filter>Source Files\Graphics</Filter>
    </ClCompile>
    <ClCompile Include="Graphics\Sprite.cpp">
      <Filter>Source Files\Graphics</Filter>
    </ClCompile>
    <ClCompile Include="Graphics\SimpleShader.cpp">
      <Filter>Source Files\Graphics</Filter>
    </ClCompile>
    <ClCompile Include="Graphics\Shaders.cpp">
      <Filter>Source Files\Graphics</Filter>
    </ClCompile>
    <ClCompile Include="Graphics\RenderableGameObject.cpp">
      <Filter>Source Files\Graphics</Filter>
    </ClCompile>
    <ClCompile Include="Graphics\Light.cpp">
      <Filter>Source Files\Graphics</Filter>
    </ClCompile>
    <ClCompile Include="Graphics\Graphics.cpp">
      <Filter>Source Files\Graphics</Filter>
    </ClCompile>
    <ClCompile Include="Graphics\GameObject3D.cpp">
      <Filter>Source Files\Graphics</Filter>
    </ClCompile>
    <ClCompile Include="Graphics\GameObject2D.cpp">
      <Filter>Source Files\Graphics</Filter>
    </ClCompile>
    <ClCompile Include="Graphics\GameObject.cpp">
      <Filter>Source Files\Graphics</Filter>
    </ClCompile>
    <ClCompile Include="Graphics\Color.cpp">
      <Filter>Source Files\Graphics</Filter>
    </ClCompile>
    <ClCompile Include="Graphics\Camera3D.cpp">
      <Filter>Source Files\Graphics</Filter>
    </ClCompile>
    <ClCompile Include="Graphics\Camera2D.cpp">
      <Filter>Source Files\Graphics</Filter>
    </ClCompile>
    <ClCompile Include="Graphics\AdapterReader.cpp">
      <Filter>Source Files\Graphics</Filter>
    </ClCompile>
    <ClCompile Include="Graphics\Model.cpp">
      <Filter>Source Files\Graphics</Filter>
    </ClCompile>
    <ClCompile Include="Graphics\Mesh.cpp">
      <Filter>Source Files\Graphics</Filter>
    </ClCompile>
    <ClCompile Include="Graphics\Material.cpp">
      <Filter>Source Files\Graphics</Filter>
    </ClCompile>
    <ClCompile Include="Includes\json.cpp">
      <Filter>Source Files\Systems\Json</Filter>
    </ClCompile>
    <ClCompile Include="Objects\PointLight.cpp">
      <Filter>Source Files\Objects</Filter>
    </ClCompile>
    <ClCompile Include="Objects\Camera.cpp">
      <Filter>Source Files\Objects</Filter>
    </ClCompile>
    <ClCompile Include="Objects\Player.cpp">
      <Filter>Source Files\Objects</Filter>
    </ClCompile>
  </ItemGroup>
  <ItemGroup>
    <ClInclude Include="COMException.h">
      <Filter>Header Files</Filter>
    </ClInclude>
    <ClInclude Include="Engine.h">
      <Filter>Header Files</Filter>
    </ClInclude>
    <ClInclude Include="ErrorLogger.h">
      <Filter>Header Files</Filter>
    </ClInclude>
    <ClInclude Include="RenderWindow.h">
      <Filter>Header Files</Filter>
    </ClInclude>
    <ClInclude Include="Graphics\Sprite.h">
      <Filter>Header Files</Filter>
    </ClInclude>
    <ClInclude Include="StringHelper.h">
      <Filter>Header Files</Filter>
    </ClInclude>
    <ClInclude Include="WindowContainer.h">
      <Filter>Header Files</Filter>
    </ClInclude>
    <ClInclude Include="Components\Component.h">
      <Filter>Header Files\Components</Filter>
    </ClInclude>
    <ClInclude Include="Event\Event.h">
      <Filter>Header Files\Event</Filter>
    </ClInclude>
    <ClInclude Include="Event\EventReciever.h">
      <Filter>Header Files\Event</Filter>
    </ClInclude>
    <ClInclude Include="Graphics\AdapterReader.h">
      <Filter>Header Files\Graphics</Filter>
    </ClInclude>
    <ClInclude Include="Graphics\BaseScriptableGameObject.h">
      <Filter>Header Files\Graphics</Filter>
    </ClInclude>
    <ClInclude Include="Graphics\Camera2D.h">
      <Filter>Header Files\Graphics</Filter>
    </ClInclude>
    <ClInclude Include="Graphics\Camera3D.h">
      <Filter>Header Files\Graphics</Filter>
    </ClInclude>
    <ClInclude Include="Graphics\Color.h">
      <Filter>Header Files\Graphics</Filter>
    </ClInclude>
    <ClInclude Include="Graphics\ConstantBuffers.h">
      <Filter>Header Files\Graphics</Filter>
    </ClInclude>
    <ClInclude Include="Graphics\ConstantBufferTypes.h">
      <Filter>Header Files\Graphics</Filter>
    </ClInclude>
    <ClInclude Include="Graphics\GameObject.h">
      <Filter>Header Files\Graphics</Filter>
    </ClInclude>
    <ClInclude Include="Graphics\GameObject2D.h">
      <Filter>Header Files\Graphics</Filter>
    </ClInclude>
    <ClInclude Include="Graphics\GameObject3D.h">
      <Filter>Header Files\Graphics</Filter>
    </ClInclude>
    <ClInclude Include="Graphics\Graphics.h">
      <Filter>Header Files\Graphics</Filter>
    </ClInclude>
    <ClInclude Include="Graphics\IndexBuffer.h">
      <Filter>Header Files\Graphics</Filter>
    </ClInclude>
    <ClInclude Include="Graphics\Mesh.h">
      <Filter>Header Files\Graphics</Filter>
    </ClInclude>
    <ClInclude Include="Graphics\Light.h">
      <Filter>Header Files\Graphics</Filter>
    </ClInclude>
    <ClInclude Include="Graphics\Model.h">
      <Filter>Header Files\Graphics</Filter>
    </ClInclude>
    <ClInclude Include="Graphics\RenderableGameObject.h">
      <Filter>Header Files\Graphics</Filter>
    </ClInclude>
    <ClInclude Include="Graphics\Shaders.h">
      <Filter>Header Files\Graphics</Filter>
    </ClInclude>
    <ClInclude Include="Graphics\Texture.h">
      <Filter>Header Files\Graphics</Filter>
    </ClInclude>
    <ClInclude Include="Graphics\Vertex.h">
      <Filter>Header Files\Graphics</Filter>
    </ClInclude>
    <ClInclude Include="Graphics\VertexBuffer.h">
      <Filter>Header Files\Graphics</Filter>
    </ClInclude>
    <ClInclude Include="Math\Transform.h">
      <Filter>Header Files\Math</Filter>
    </ClInclude>
    <ClInclude Include="Objects\Entity.h">
      <Filter>Header Files\Objects</Filter>
    </ClInclude>
    <ClInclude Include="Objects\ID.h">
      <Filter>Header Files\Objects</Filter>
    </ClInclude>
    <ClInclude Include="Objects\Object.h">
      <Filter>Header Files\Objects</Filter>
    </ClInclude>
    <ClInclude Include="Objects\Scene.h">
      <Filter>Header Files\Objects</Filter>
    </ClInclude>
    <ClInclude Include="Scriptor\Compiler.h">
      <Filter>Header Files\Scriptor</Filter>
    </ClInclude>
    <ClInclude Include="Scriptor\CompilerHelper.h">
      <Filter>Header Files\Scriptor</Filter>
    </ClInclude>
    <ClInclude Include="Includes\dlfcn.h">
      <Filter>Header Files\Scriptor</Filter>
    </ClInclude>
    <ClInclude Include="Scriptor\Script.h">
      <Filter>Header Files\Scriptor</Filter>
    </ClInclude>
    <ClInclude Include="Systems\Timer.h">
      <Filter>Header Files\Systems</Filter>
    </ClInclude>
    <ClInclude Include="Components\MeshRenderComponent.h">
      <Filter>Header Files\Components</Filter>
    </ClInclude>
    <ClInclude Include="Editor\EditorClickable.h">
      <Filter>Header Files\Editor</Filter>
    </ClInclude>
    <ClInclude Include="Editor\Editor.h">
      <Filter>Header Files\Editor</Filter>
    </ClInclude>
    <ClInclude Include="Physics\Ray.h">
      <Filter>Header Files\Physics</Filter>
    </ClInclude>
    <ClInclude Include="Input\InputManager.h">
      <Filter>Header Files\Input</Filter>
    </ClInclude>
    <ClInclude Include="Input\Mouse\MouseClass.h">
      <Filter>Header Files\Input\Mouse</Filter>
    </ClInclude>
    <ClInclude Include="Input\Mouse\MouseEvent.h">
      <Filter>Header Files\Input\Mouse</Filter>
    </ClInclude>
    <ClInclude Include="Input\Keyboard\KeyboardClass.h">
      <Filter>Header Files\Input\Keyboard</Filter>
    </ClInclude>
    <ClInclude Include="Input\Keyboard\KeyboardEvent.h">
      <Filter>Header Files\Input\Keyboard</Filter>
    </ClInclude>
    <ClInclude Include="Framework\Singleton.h">
      <Filter>Header Files\Framework</Filter>
    </ClInclude>
    <ClInclude Include="Components\EditorSelectionComponent.h">
      <Filter>Header Files\Components</Filter>
    </ClInclude>
    <ClInclude Include="Systems\FileSystem.h">
      <Filter>Header Files\Systems</Filter>
    </ClInclude>
    <ClInclude Include="Graphics\ImGui\imconfig.h">
      <Filter>Header Files\Graphics\ImGui</Filter>
    </ClInclude>
    <ClInclude Include="Graphics\ImGui\imgui.h">
      <Filter>Header Files\Graphics\ImGui</Filter>
    </ClInclude>
    <ClInclude Include="Graphics\ImGui\imgui_impl_dx11.h">
      <Filter>Header Files\Graphics\ImGui</Filter>
    </ClInclude>
    <ClInclude Include="Graphics\ImGui\imgui_impl_win32.h">
      <Filter>Header Files\Graphics\ImGui</Filter>
    </ClInclude>
    <ClInclude Include="Graphics\ImGui\imgui_internal.h">
      <Filter>Header Files\Graphics\ImGui</Filter>
    </ClInclude>
    <ClInclude Include="Graphics\ImGui\imstb_rectpack.h">
      <Filter>Header Files\Graphics\ImGui</Filter>
    </ClInclude>
    <ClInclude Include="Graphics\ImGui\imstb_textedit.h">
      <Filter>Header Files\Graphics\ImGui</Filter>
    </ClInclude>
    <ClInclude Include="Graphics\ImGui\imstb_truetype.h">
      <Filter>Header Files\Graphics\ImGui</Filter>
    </ClInclude>
    <ClInclude Include="Components\CPPScript.h">
      <Filter>Header Files\Components</Filter>
    </ClInclude>
    <ClInclude Include="Graphics\Material.h">
      <Filter>Header Files\Graphics</Filter>
    </ClInclude>
    <ClInclude Include="Graphics\SimpleShader.h">
      <Filter>Header Files\Graphics</Filter>
    </ClInclude>
    <ClInclude Include="Graphics\ImGui\ImGuizmo.h">
      <Filter>Header Files\Graphics\ImGui</Filter>
    </ClInclude>
    <ClInclude Include="LUAScripting\IScriptManager.h">
      <Filter>Header Files\LUAScripting</Filter>
    </ClInclude>
    <ClInclude Include="LUAScripting\LuaStateManager.h">
      <Filter>Header Files\LUAScripting</Filter>
    </ClInclude>
    <ClInclude Include="Includes\Lua\LuaPlus\lapi.h">
      <Filter>LuaUsings</Filter>
    </ClInclude>
    <ClInclude Include="Includes\Lua\LuaPlus\lauxlib.h">
      <Filter>LuaUsings</Filter>
    </ClInclude>
    <ClInclude Include="Includes\Lua\LuaPlus\lcode.h">
      <Filter>LuaUsings</Filter>
    </ClInclude>
    <ClInclude Include="Includes\Lua\LuaPlus\lctype.h">
      <Filter>LuaUsings</Filter>
    </ClInclude>
    <ClInclude Include="Includes\Lua\LuaPlus\ldebug.h">
      <Filter>LuaUsings</Filter>
    </ClInclude>
    <ClInclude Include="Includes\Lua\LuaPlus\ldo.h">
      <Filter>LuaUsings</Filter>
    </ClInclude>
    <ClInclude Include="Includes\Lua\LuaPlus\lfunc.h">
      <Filter>LuaUsings</Filter>
    </ClInclude>
    <ClInclude Include="Includes\Lua\LuaPlus\lgc.h">
      <Filter>LuaUsings</Filter>
    </ClInclude>
    <ClInclude Include="Includes\Lua\LuaPlus\llex.h">
      <Filter>LuaUsings</Filter>
    </ClInclude>
    <ClInclude Include="Includes\Lua\LuaPlus\llimits.h">
      <Filter>LuaUsings</Filter>
    </ClInclude>
    <ClInclude Include="Includes\Lua\LuaPlus\lmem.h">
      <Filter>LuaUsings</Filter>
    </ClInclude>
    <ClInclude Include="Includes\Lua\LuaPlus\lobject.h">
      <Filter>LuaUsings</Filter>
    </ClInclude>
    <ClInclude Include="Includes\Lua\LuaPlus\lopcodes.h">
      <Filter>LuaUsings</Filter>
    </ClInclude>
    <ClInclude Include="Includes\Lua\LuaPlus\lparser.h">
      <Filter>LuaUsings</Filter>
    </ClInclude>
    <ClInclude Include="Includes\Lua\LuaPlus\lprefix.h">
      <Filter>LuaUsings</Filter>
    </ClInclude>
    <ClInclude Include="Includes\Lua\LuaPlus\lstate.h">
      <Filter>LuaUsings</Filter>
    </ClInclude>
    <ClInclude Include="Includes\Lua\LuaPlus\lstring.h">
      <Filter>LuaUsings</Filter>
    </ClInclude>
    <ClInclude Include="Includes\Lua\LuaPlus\ltable.h">
      <Filter>LuaUsings</Filter>
    </ClInclude>
    <ClInclude Include="Includes\Lua\LuaPlus\ltm.h">
      <Filter>LuaUsings</Filter>
    </ClInclude>
    <ClInclude Include="Includes\Lua\LuaPlus\lua.h">
      <Filter>LuaUsings</Filter>
    </ClInclude>
    <ClInclude Include="Includes\Lua\LuaPlus\lua.hpp">
      <Filter>LuaUsings</Filter>
    </ClInclude>
    <ClInclude Include="Includes\Lua\LuaPlus\LuaAutoBlock.h">
      <Filter>LuaUsings</Filter>
    </ClInclude>
    <ClInclude Include="Includes\Lua\LuaPlus\LuaCall.h">
      <Filter>LuaUsings</Filter>
    </ClInclude>
    <ClInclude Include="Includes\Lua\LuaPlus\luaconf.h">
      <Filter>LuaUsings</Filter>
    </ClInclude>
    <ClInclude Include="Includes\Lua\LuaPlus\LuaFunction.h">
      <Filter>LuaUsings</Filter>
    </ClInclude>
    <ClInclude Include="Includes\Lua\LuaPlus\LuaHelper.h">
      <Filter>LuaUsings</Filter>
    </ClInclude>
    <ClInclude Include="Includes\Lua\LuaPlus\LuaHelper_Object.h">
      <Filter>LuaUsings</Filter>
    </ClInclude>
    <ClInclude Include="Includes\Lua\LuaPlus\LuaHelper_StackObject.h">
      <Filter>LuaUsings</Filter>
    </ClInclude>
    <ClInclude Include="Includes\Lua\LuaPlus\lualib.h">
      <Filter>LuaUsings</Filter>
    </ClInclude>
    <ClInclude Include="Includes\Lua\LuaPlus\LuaObject.h">
      <Filter>LuaUsings</Filter>
    </ClInclude>
    <ClInclude Include="Includes\Lua\LuaPlus\LuaPlus.h">
      <Filter>LuaUsings</Filter>
    </ClInclude>
    <ClInclude Include="Includes\Lua\LuaPlus\LuaPlusCD.h">
      <Filter>LuaUsings</Filter>
    </ClInclude>
    <ClInclude Include="Includes\Lua\LuaPlus\LuaPlusConfig.h">
      <Filter>LuaUsings</Filter>
    </ClInclude>
    <ClInclude Include="Includes\Lua\LuaPlus\LuaPlusInternal.h">
      <Filter>LuaUsings</Filter>
    </ClInclude>
    <ClInclude Include="Includes\Lua\LuaPlus\LuaStackObject.h">
      <Filter>LuaUsings</Filter>
    </ClInclude>
    <ClInclude Include="Includes\Lua\LuaPlus\LuaStackTableIterator.h">
      <Filter>LuaUsings</Filter>
    </ClInclude>
    <ClInclude Include="Includes\Lua\LuaPlus\LuaState.h">
      <Filter>LuaUsings</Filter>
    </ClInclude>
    <ClInclude Include="Includes\Lua\LuaPlus\LuaStateCD.h">
      <Filter>LuaUsings</Filter>
    </ClInclude>
    <ClInclude Include="Includes\Lua\LuaPlus\LuaStateOutFile.h">
      <Filter>LuaUsings</Filter>
    </ClInclude>
    <ClInclude Include="Includes\Lua\LuaPlus\LuaStateOutString.h">
      <Filter>LuaUsings</Filter>
    </ClInclude>
    <ClInclude Include="Includes\Lua\LuaPlus\LuaTableIterator.h">
      <Filter>LuaUsings</Filter>
    </ClInclude>
    <ClInclude Include="Includes\Lua\LuaPlus\lundump.h">
      <Filter>LuaUsings</Filter>
    </ClInclude>
    <ClInclude Include="Includes\Lua\LuaPlus\lvm.h">
      <Filter>LuaUsings</Filter>
    </ClInclude>
    <ClInclude Include="Includes\Lua\LuaPlus\lzio.h">
      <Filter>LuaUsings</Filter>
    </ClInclude>
    <ClInclude Include="Components\LuaScriptComponent.h">
      <Filter>Header Files\Components</Filter>
    </ClInclude>
    <ClInclude Include="LUAScripting\ScriptExports.h">
      <Filter>Header Files\LUAScripting</Filter>
    </ClInclude>
    <ClInclude Include="Objects\Player.h">
      <Filter>Header Files\Objects</Filter>
    </ClInclude>
    <ClInclude Include="Objects\Camera.h">
      <Filter>Header Files\Objects</Filter>
    </ClInclude>
    <ClInclude Include="Objects\PointLight.h">
      <Filter>Header Files\Objects</Filter>
    </ClInclude>
  </ItemGroup>
  <ItemGroup>
    <Filter Include="Header Files">
      <UniqueIdentifier>{dc7d8790-3db7-4cf7-8a22-c7f883dda6a8}</UniqueIdentifier>
    </Filter>
    <Filter Include="Source Files">
      <UniqueIdentifier>{082b97eb-ed41-44d7-b958-9d6060dd46d0}</UniqueIdentifier>
    </Filter>
    <Filter Include="Resource Files">
      <UniqueIdentifier>{73decadb-26e2-4f05-8f89-964576722343}</UniqueIdentifier>
    </Filter>
    <Filter Include="Scenes">
      <UniqueIdentifier>{a3d467b8-3c3e-4149-aa34-b7cb4e84f090}</UniqueIdentifier>
    </Filter>
    <Filter Include="Header Files\Components">
      <UniqueIdentifier>{d39eb250-17e8-4651-a0c7-f2af16b50edc}</UniqueIdentifier>
    </Filter>
    <Filter Include="Header Files\Event">
      <UniqueIdentifier>{80d0e9a4-812e-4ee6-8031-ae9ada0a2ece}</UniqueIdentifier>
    </Filter>
    <Filter Include="Header Files\Graphics">
      <UniqueIdentifier>{f42ccf7b-5ea4-4f16-97c3-d1e23ca39f09}</UniqueIdentifier>
    </Filter>
    <Filter Include="Header Files\Graphics\ImGui">
      <UniqueIdentifier>{f7d1e311-a777-4cde-88c8-5cbca903c823}</UniqueIdentifier>
    </Filter>
    <Filter Include="Header Files\Math">
      <UniqueIdentifier>{15d6bb4e-19eb-45d4-837a-792ea0d70821}</UniqueIdentifier>
    </Filter>
    <Filter Include="Header Files\Objects">
      <UniqueIdentifier>{9c190cb9-d461-4f10-80ea-b14342ed8ee5}</UniqueIdentifier>
    </Filter>
    <Filter Include="Header Files\Scriptor">
      <UniqueIdentifier>{b84abb82-71c0-44fe-a69d-c4fe5d5a7157}</UniqueIdentifier>
    </Filter>
    <Filter Include="Source Files\Components">
      <UniqueIdentifier>{880f6bce-57da-4ec5-80e2-bdb02d63a2a8}</UniqueIdentifier>
    </Filter>
    <Filter Include="Source Files\Graphics">
      <UniqueIdentifier>{63a110eb-c25f-4fd2-97f0-5cd455f85d67}</UniqueIdentifier>
    </Filter>
    <Filter Include="Source Files\Graphics\ImGui">
      <UniqueIdentifier>{ac0bbbef-f8f7-45fc-8f0b-b9513388f58d}</UniqueIdentifier>
    </Filter>
    <Filter Include="Source Files\Math">
      <UniqueIdentifier>{56bcc467-91cf-48ce-b746-ef46cf402811}</UniqueIdentifier>
    </Filter>
    <Filter Include="Source Files\Objects">
      <UniqueIdentifier>{2d94ec1a-a298-48af-9758-38f52586612d}</UniqueIdentifier>
    </Filter>
    <Filter Include="Source Files\Scriptor">
      <UniqueIdentifier>{3d54c44e-683e-43f3-bb33-ffef8236afcf}</UniqueIdentifier>
    </Filter>
    <Filter Include="Header Files\Systems">
      <UniqueIdentifier>{843df599-a281-4938-933e-33724ae46d5e}</UniqueIdentifier>
    </Filter>
    <Filter Include="Source Files\Systems">
      <UniqueIdentifier>{468856f2-8638-495f-b832-b238e8c863ea}</UniqueIdentifier>
    </Filter>
    <Filter Include="Header Files\Editor">
      <UniqueIdentifier>{c472ea6c-6251-48f5-a0ed-dc2b32fd36ee}</UniqueIdentifier>
    </Filter>
    <Filter Include="Source Files\Editor">
      <UniqueIdentifier>{2536a19f-75bd-496d-8266-2546b2214209}</UniqueIdentifier>
    </Filter>
    <Filter Include="Header Files\Physics">
      <UniqueIdentifier>{90a06fc0-d54c-42c7-b3ef-6b532b3f33d3}</UniqueIdentifier>
    </Filter>
    <Filter Include="Header Files\Input">
      <UniqueIdentifier>{65b16652-dee0-4b34-afb1-1d66e538142e}</UniqueIdentifier>
    </Filter>
    <Filter Include="Header Files\Input\Mouse">
      <UniqueIdentifier>{4d7030d2-60aa-481b-9fc5-af9b8c66671a}</UniqueIdentifier>
    </Filter>
    <Filter Include="Source Files\Input">
      <UniqueIdentifier>{9318beb9-d5c7-4492-bbf7-0d67d0a3a0c0}</UniqueIdentifier>
    </Filter>
    <Filter Include="Source Files\Input\Mouse">
      <UniqueIdentifier>{43b0c5c5-69b4-434a-bcab-ffa21cec0704}</UniqueIdentifier>
    </Filter>
    <Filter Include="Header Files\Input\Keyboard">
      <UniqueIdentifier>{6964d27a-6f96-42a9-bd6d-8ce4426f0cb1}</UniqueIdentifier>
    </Filter>
    <Filter Include="Source Files\Input\Keyboard">
      <UniqueIdentifier>{cbe4b79c-e707-43e7-a565-50df17503eab}</UniqueIdentifier>
    </Filter>
    <Filter Include="Header Files\Framework">
      <UniqueIdentifier>{6293de4d-a9f1-4eab-9c65-60f659a9a60e}</UniqueIdentifier>
    </Filter>
    <Filter Include="Header Files\LUAScripting">
      <UniqueIdentifier>{0ad7e359-9144-4bcc-b254-28a8349708b0}</UniqueIdentifier>
    </Filter>
    <Filter Include="Source Files\LUAScripting">
      <UniqueIdentifier>{756b83e5-7181-4d01-9b0a-ed2f0af246cb}</UniqueIdentifier>
    </Filter>
    <Filter Include="LuaUsings">
      <UniqueIdentifier>{6da2f7fc-100a-4437-8848-b567e9bf93b7}</UniqueIdentifier>
    </Filter>
    <Filter Include="LuaScripts">
      <UniqueIdentifier>{ec3e7a93-bb23-4959-9a8b-675cf4c48d4e}</UniqueIdentifier>
    </Filter>
    <Filter Include="Source Files\Systems\Json">
      <UniqueIdentifier>{b3b68f22-8c06-469e-b804-47179884c12b}</UniqueIdentifier>
    </Filter>
  </ItemGroup>
  <ItemGroup>
    <Text Include="Data\Scenes\Scene01.txt">
      <Filter>Scenes</Filter>
    </Text>
  </ItemGroup>
  <ItemGroup>
    <None Include="IBLHeader.hlsli">
      <Filter>Resource Files</Filter>
    </None>
    <None Include="PBRHeader.hlsli">
      <Filter>Resource Files</Filter>
    </None>
    <None Include="Includes\Lua\LuaPlus\Lua.jam">
      <Filter>LuaUsings</Filter>
    </None>
    <None Include="Includes\Lua\LuaPlus\LuaC.jam">
      <Filter>LuaUsings</Filter>
    </None>
    <None Include="Includes\Lua\LuaPlus\LuaCall.inl">
      <Filter>LuaUsings</Filter>
    </None>
    <None Include="Includes\Lua\LuaPlus\LuaObject.inl">
      <Filter>LuaUsings</Filter>
    </None>
    <None Include="Includes\Lua\LuaPlus\LuaPlusSharedLib.jam">
      <Filter>LuaUsings</Filter>
    </None>
    <None Include="Includes\Lua\LuaPlus\LuaPlusStaticLib.jam">
      <Filter>LuaUsings</Filter>
    </None>
    <None Include="Includes\Lua\LuaPlus\LuaStackObject.inl">
      <Filter>LuaUsings</Filter>
    </None>
    <None Include="Includes\Lua\LuaPlus\LuaStackTableIterator.inl">
      <Filter>LuaUsings</Filter>
    </None>
    <None Include="Includes\Lua\LuaPlus\LuaState.inl">
      <Filter>LuaUsings</Filter>
    </None>
    <None Include="LuaScripts\Test.lua">
      <Filter>LuaScripts</Filter>
    </None>
  </ItemGroup>
</Project>