<?xml version="1.0" encoding="utf-8"?>
<Project ToolsVersion="4.0" xmlns="http://schemas.microsoft.com/developer/msbuild/2003">
  <ItemGroup>
    <Filter Include="Insight">
      <UniqueIdentifier>{5BBF0E00-C79E-8D9B-D0B6-18723C15F4FC}</UniqueIdentifier>
    </Filter>
    <Filter Include="Insight\Events">
      <UniqueIdentifier>{DF36FE88-CB04-F28E-B498-62B5A005CEF3}</UniqueIdentifier>
    </Filter>
    <Filter Include="Platform">
      <UniqueIdentifier>{2AC788B4-1694-E3BF-3FAD-D1672BD9184E}</UniqueIdentifier>
    </Filter>
    <Filter Include="Platform\Windows">
      <UniqueIdentifier>{64FBD71A-50F4-F66C-7926-DCF1657ED678}</UniqueIdentifier>
    </Filter>
  </ItemGroup>
  <ItemGroup>
    <ClInclude Include="src\Insight.h" />
    <ClInclude Include="src\Insight\Application.h">
      <Filter>Insight</Filter>
    </ClInclude>
    <ClInclude Include="src\Insight\Core.h">
      <Filter>Insight</Filter>
    </ClInclude>
    <ClInclude Include="src\Insight\Entry_Point.h">
      <Filter>Insight</Filter>
    </ClInclude>
    <ClInclude Include="src\Insight\Events\Event.h">
      <Filter>Insight\Events</Filter>
    </ClInclude>
    <ClInclude Include="src\Insight\Log.h">
      <Filter>Insight</Filter>
    </ClInclude>
    <ClInclude Include="src\Insight\Window.h">
      <Filter>Insight</Filter>
    </ClInclude>
    <ClInclude Include="src\Platform\Windows\Windows_Window.h">
      <Filter>Platform\Windows</Filter>
    </ClInclude>
    <ClInclude Include="src\ie_pch.h" />
    <ClInclude Include="src\Platform\Windows\Console_Window.h" />
    <ClInclude Include="src\Insight\Utilities\String_Helper.h" />
    <ClInclude Include="src\Insight\Layer.h" />
    <ClInclude Include="src\Insight\Layer_Stack.h" />
    <ClInclude Include="src\Insight\Events\Application_Event.h">
      <Filter>Insight\Events</Filter>
    </ClInclude>
    <ClInclude Include="src\Insight\Events\Key_Event.h">
      <Filter>Insight\Events</Filter>
    </ClInclude>
    <ClInclude Include="src\Insight\Events\Mouse_Event.h">
      <Filter>Insight\Events</Filter>
    </ClInclude>
    <ClInclude Include="WindowsInput.h" />
    <ClInclude Include="src\Insight\Input\Input.h" />
    <ClInclude Include="src\Insight\Input\Mouse_Buffer.h" />
    <ClInclude Include="src\Insight\Input\Keyboard_Buffer.h" />
    <ClInclude Include="src\Insight\Input\InputBuffer.h" />
  </ItemGroup>
  <ItemGroup>
    <ClCompile Include="src\Insight\Application.cpp">
      <Filter>Insight</Filter>
    </ClCompile>
    <ClCompile Include="src\Insight\Log.cpp">
      <Filter>Insight</Filter>
    </ClCompile>
    <ClCompile Include="src\Platform\Windows\Windows_Window.cpp">
      <Filter>Platform\Windows</Filter>
    </ClCompile>
    <ClCompile Include="src\ie_pch.cpp" />
    <ClCompile Include="src\Platform\Windows\Console_Window.cpp" />
    <ClCompile Include="src\Insight\Utilities\String_Helper.cpp" />
    <ClCompile Include="src\Insight\Layer.cpp" />
    <ClCompile Include="src\Insight\Layer_Stack.cpp" />
    <ClCompile Include="WindowsInput.cpp" />
    <ClCompile Include="src\Insight\Input\Mouse_Buffer.cpp" />
    <ClCompile Include="src\Insight\Input\Keyboard_Buffer.cpp" />
  </ItemGroup>
</Project>