<?xml version="1.0" encoding="utf-8"?>
<Project ToolsVersion="4.0" xmlns="http://schemas.microsoft.com/developer/msbuild/2003">
  <ItemGroup>
    <Filter Include="Source">
      <UniqueIdentifier>{56EB95D1-428D-C0A7-2B48-D4FB178947F8}</UniqueIdentifier>
    </Filter>
    <Filter Include="Source\Platform">
      <UniqueIdentifier>{6A48A913-D6D3-16D8-DFE4-99CC4BEF72D8}</UniqueIdentifier>
    </Filter>
    <Filter Include="Source\Platform\DirectX11">
      <UniqueIdentifier>{AEF68D96-1AB9-C120-6369-50ADCF6A9AFE}</UniqueIdentifier>
    </Filter>
    <Filter Include="Source\Platform\DirectX11\Geometry">
      <UniqueIdentifier>{C987807E-B5C3-83E8-1ED6-9BDF0A312C03}</UniqueIdentifier>
    </Filter>
    <Filter Include="Source\Platform\DirectX11\Wrappers">
      <UniqueIdentifier>{B1C4E60A-9D00-EA74-0613-026CF26D928F}</UniqueIdentifier>
    </Filter>
    <Filter Include="Source\Platform\DirectX12">
      <UniqueIdentifier>{AFF68D96-1BB9-C120-6469-50ADD06A9AFE}</UniqueIdentifier>
    </Filter>
    <Filter Include="Source\Platform\DirectX12\Geometry">
      <UniqueIdentifier>{EA188B82-D654-8EEC-3F67-A6E32BC23607}</UniqueIdentifier>
    </Filter>
    <Filter Include="Source\Platform\DirectX12\RayTracing">
      <UniqueIdentifier>{32A54C7F-1E8C-0E77-C7DC-7494B3A287DD}</UniqueIdentifier>
    </Filter>
    <Filter Include="Source\Platform\DirectX12\RenderPasses">
      <UniqueIdentifier>{2DD236A6-1924-0E96-0243-4BA6EE33277F}</UniqueIdentifier>
    </Filter>
    <Filter Include="Source\Platform\DirectX12\RenderPasses\Helpers">
      <UniqueIdentifier>{EF5FBA04-DBDD-0A9E-C4D5-C835B0F24CC6}</UniqueIdentifier>
    </Filter>
    <Filter Include="Source\Platform\DirectX12\Wrappers">
      <UniqueIdentifier>{D255F10E-BE91-F478-27A4-0C7013FF9C93}</UniqueIdentifier>
    </Filter>
    <Filter Include="Source\Platform\DirectXShared">
      <UniqueIdentifier>{E3694FD8-4F82-3602-182F-C69B8406CB9B}</UniqueIdentifier>
    </Filter>
    <Filter Include="Source\Platform\UWP">
      <UniqueIdentifier>{55A8A6DE-C109-84EC-4A77-CA9EB6D7BAAB}</UniqueIdentifier>
    </Filter>
    <Filter Include="Source\Platform\Win32">
      <UniqueIdentifier>{CCA72023-3814-DC1D-0108-747B6D33FE85}</UniqueIdentifier>
    </Filter>
    <Filter Include="Source\Platform\Win32\Error">
      <UniqueIdentifier>{05D8ED02-71E5-1BE9-FACB-17D466D8E79F}</UniqueIdentifier>
    </Filter>
    <Filter Include="Source\Platform\Win32\Resources">
      <UniqueIdentifier>{36FCDE2E-A2DF-ED6E-ABE2-1BAB1745B4BF}</UniqueIdentifier>
    </Filter>
    <Filter Include="Source\Runtime">
      <UniqueIdentifier>{89EE4F15-75BC-431B-5E50-B4414ABD1F80}</UniqueIdentifier>
    </Filter>
    <Filter Include="Source\Runtime\Core">
      <UniqueIdentifier>{8190802D-EDF1-5D3B-765F-A4EDE2BF94FA}</UniqueIdentifier>
    </Filter>
    <Filter Include="Source\Runtime\Core\Layer">
      <UniqueIdentifier>{0D2AFE4C-79EC-31D7-C29C-C0632E9E0AB5}</UniqueIdentifier>
    </Filter>
    <Filter Include="Source\Runtime\Core\Scene">
      <UniqueIdentifier>{5E9A7D4D-CA5C-B1D7-130D-40647F0E8AB5}</UniqueIdentifier>
    </Filter>
    <Filter Include="Source\Runtime\Events">
      <UniqueIdentifier>{4DC60895-B932-C48F-8226-5CEDEE51E6F7}</UniqueIdentifier>
    </Filter>
    <Filter Include="Source\Runtime\GameFramework">
      <UniqueIdentifier>{8009A58D-6CC4-9439-157C-0D840116DFC9}</UniqueIdentifier>
    </Filter>
    <Filter Include="Source\Runtime\GameFramework\Archetypes">
      <UniqueIdentifier>{67F3C89D-D382-8A88-DC7E-6BA0488DC594}</UniqueIdentifier>
    </Filter>
    <Filter Include="Source\Runtime\GameFramework\Components">
      <UniqueIdentifier>{95FEA801-018E-6AEC-0A8A-4B047698A5F8}</UniqueIdentifier>
    </Filter>
    <Filter Include="Source\Runtime\GameFramework\Identification">
      <UniqueIdentifier>{1920110D-8585-A493-0E5E-466C7AC29902}</UniqueIdentifier>
    </Filter>
    <Filter Include="Source\Runtime\Input">
      <UniqueIdentifier>{48A1FEDD-3430-88A7-DD4E-9CA2C9BC984D}</UniqueIdentifier>
    </Filter>
    <Filter Include="Source\Runtime\Math">
      <UniqueIdentifier>{02D1852D-6E32-633B-F79F-A9ED63009AFA}</UniqueIdentifier>
    </Filter>
    <Filter Include="Source\Runtime\Physics">
      <UniqueIdentifier>{FB6AA665-E764-CFB7-D0D1-65C8BC6A3524}</UniqueIdentifier>
    </Filter>
    <Filter Include="Source\Runtime\Rendering">
      <UniqueIdentifier>{1637221B-025C-719B-2BA7-562B172B70B9}</UniqueIdentifier>
    </Filter>
    <Filter Include="Source\Runtime\Rendering\Geometry">
      <UniqueIdentifier>{31BD27B2-9D2B-7D31-E614-383152C272CD}</UniqueIdentifier>
    </Filter>
    <Filter Include="Source\Runtime\Rendering\Lighting">
      <UniqueIdentifier>{5B235E70-C791-B3EF-107B-6EEF7C28A98B}</UniqueIdentifier>
    </Filter>
    <Filter Include="Source\Runtime\Systems">
      <UniqueIdentifier>{90BDD073-7CB7-F9C5-6524-90D651BD5F32}</UniqueIdentifier>
    </Filter>
    <Filter Include="Source\Runtime\Systems\Managers">
      <UniqueIdentifier>{6DC10A76-D9A4-19B6-E2A7-47F24E0AE006}</UniqueIdentifier>
    </Filter>
    <Filter Include="Source\Runtime\UI">
      <UniqueIdentifier>{1621BDC9-8237-BB5F-CBAE-468137048CE7}</UniqueIdentifier>
    </Filter>
    <Filter Include="Source\Runtime\Utilities">
      <UniqueIdentifier>{349282E2-20B7-D162-4902-B7F23586D080}</UniqueIdentifier>
    </Filter>
  </ItemGroup>
</Project>